
Microsoft Visual Studio Solution File, Format Version 12.00
# Visual Studio Version 17
VisualStudioVersion = 17.5.33502.453
MinimumVisualStudioVersion = 10.0.40219.1
Project("{FAE04EC0-301F-11D3-BF4B-00C04F79EFBC}") = "CI.BRE.API", "CI.BRE.API\CI.BRE.API.csproj", "{2F9C46BB-23A3-4FD1-A432-F3E8F575A4ED}"
EndProject
Project("{FAE04EC0-301F-11D3-BF4B-00C04F79EFBC}") = "CI.BRE.REPOSITERY", "CI.BRE.REPOSITERY\CI.BRE.REPOSITERY.csproj", "{7F882CFD-A6B0-478F-A024-17E07BF88BEC}"
EndProject
Project("{FAE04EC0-301F-11D3-BF4B-00C04F79EFBC}") = "CI.BRE.SERVICE", "CI.BRE.SERVICE\CI.BRE.SERVICE.csproj", "{6D8E6263-FC71-40AC-8076-552BAC644CC8}"
EndProject
Global
	GlobalSection(SolutionConfigurationPlatforms) = preSolution
		Debug|Any CPU = Debug|Any CPU
		Release|Any CPU = Release|Any CPU
	EndGlobalSection
	GlobalSection(ProjectConfigurationPlatforms) = postSolution
		{2F9C46BB-23A3-4FD1-A432-F3E8F575A4ED}.Debug|Any CPU.ActiveCfg = Debug|Any CPU
		{2F9C46BB-23A3-4FD1-A432-F3E8F575A4ED}.Debug|Any CPU.Build.0 = Debug|Any CPU
		{2F9C46BB-23A3-4FD1-A432-F3E8F575A4ED}.Release|Any CPU.ActiveCfg = Release|Any CPU
		{2F9C46BB-23A3-4FD1-A432-F3E8F575A4ED}.Release|Any CPU.Build.0 = Release|Any CPU
		{7F882CFD-A6B0-478F-A024-17E07BF88BEC}.Debug|Any CPU.ActiveCfg = Debug|Any CPU
		{7F882CFD-A6B0-478F-A024-17E07BF88BEC}.Debug|Any CPU.Build.0 = Debug|Any CPU
		{7F882CFD-A6B0-478F-A024-17E07BF88BEC}.Release|Any CPU.ActiveCfg = Release|Any CPU
		{7F882CFD-A6B0-478F-A024-17E07BF88BEC}.Release|Any CPU.Build.0 = Release|Any CPU
		{6D8E6263-FC71-40AC-8076-552BAC644CC8}.Debug|Any CPU.ActiveCfg = Debug|Any CPU
		{6D8E6263-FC71-40AC-8076-552BAC644CC8}.Debug|Any CPU.Build.0 = Debug|Any CPU
		{6D8E6263-FC71-40AC-8076-552BAC644CC8}.Release|Any CPU.ActiveCfg = Release|Any CPU
		{6D8E6263-FC71-40AC-8076-552BAC644CC8}.Release|Any CPU.Build.0 = Release|Any CPU
	EndGlobalSection
	GlobalSection(SolutionProperties) = preSolution
		HideSolutionNode = FALSE
	EndGlobalSection
	GlobalSection(ExtensibilityGlobals) = postSolution
		SolutionGuid = {5E9E702A-CE0B-42BF-BE4E-59C07564FCBF}
	EndGlobalSection
EndGlobal
